
Microsoft Visual Studio Solution File, Format Version 12.00
Project("{FAE04EC0-301F-11D3-BF4B-00C04F79EFBC}") = "IPP_lb1.UI", "IPP_lb1.UI\IPP_lb1.UI.csproj", "{B60AC907-3A7C-4137-BACE-AE9FBC9E3E60}"
EndProject
Project("{FAE04EC0-301F-11D3-BF4B-00C04F79EFBC}") = "IPP_lb1.BL", "IPP_lb1.BL\IPP_lb1.BL.csproj", "{DC02C699-2248-44B8-BA9B-4E0B1D684954}"
EndProject
Global
	GlobalSection(SolutionConfigurationPlatforms) = preSolution
		Debug|Any CPU = Debug|Any CPU
		Release|Any CPU = Release|Any CPU
	EndGlobalSection
	GlobalSection(ProjectConfigurationPlatforms) = postSolution
		{B60AC907-3A7C-4137-BACE-AE9FBC9E3E60}.Debug|Any CPU.ActiveCfg = Debug|Any CPU
		{B60AC907-3A7C-4137-BACE-AE9FBC9E3E60}.Debug|Any CPU.Build.0 = Debug|Any CPU
		{B60AC907-3A7C-4137-BACE-AE9FBC9E3E60}.Release|Any CPU.ActiveCfg = Release|Any CPU
		{B60AC907-3A7C-4137-BACE-AE9FBC9E3E60}.Release|Any CPU.Build.0 = Release|Any CPU
		{DC02C699-2248-44B8-BA9B-4E0B1D684954}.Debug|Any CPU.ActiveCfg = Debug|Any CPU
		{DC02C699-2248-44B8-BA9B-4E0B1D684954}.Debug|Any CPU.Build.0 = Debug|Any CPU
		{DC02C699-2248-44B8-BA9B-4E0B1D684954}.Release|Any CPU.ActiveCfg = Release|Any CPU
		{DC02C699-2248-44B8-BA9B-4E0B1D684954}.Release|Any CPU.Build.0 = Release|Any CPU
	EndGlobalSection
EndGlobal
